Microsoft Visual Studio Solution File, Format Version 11.00
# Visual Studio 2010
Project("{8BC9CEB8-8B4A-11D0-8D11-00A0C91BC942}") = "bwlib", "bwlib.vcxproj", "{F38F6742-0CE7-4629-A59C-8DACE250EC48}"
EndProject
Global
	GlobalSection(SolutionConfigurationPlatforms) = preSolution
		Debug|Win32 = Debug|Win32
		Release|Win32 = Release|Win32
	EndGlobalSection
	GlobalSection(ProjectConfigurationPlatforms) = postSolution
		{F38F6742-0CE7-4629-A59C-8DACE250EC48}.Debug|Win32.ActiveCfg = Debug|Win32
		{F38F6742-0CE7-4629-A59C-8DACE250EC48}.Debug|Win32.Build.0 = Debug|Win32
		{F38F6742-0CE7-4629-A59C-8DACE250EC48}.Release|Win32.ActiveCfg = Release|Win32
		{F38F6742-0CE7-4629-A59C-8DACE250EC48}.Release|Win32.Build.0 = Release|Win32
	EndGlobalSection
	GlobalSection(SolutionProperties) = preSolution
		HideSolutionNode = FALSE
	EndGlobalSection
EndGlobal
